
Microsoft Visual Studio Solution File, Format Version 12.00
# Visual Studio 15
VisualStudioVersion = 15.0.26124.0
MinimumVisualStudioVersion = 15.0.26124.0
Project("{2150E333-8FDC-42A3-9474-1A3956D46DE8}") = "ClassLibraryProjects", "ClassLibraryProjects", "{FC817F9C-5087-46FC-A886-D1CC8E7AE0BF}"
EndProject
Project("{FAE04EC0-301F-11D3-BF4B-00C04F79EFBC}") = "JobLibrary", "ClassLibraryProjects\JobLibrary\JobLibrary.csproj", "{4BA6D651-2381-4504-9719-7EDE996E5D6A}"
EndProject
Project("{FAE04EC0-301F-11D3-BF4B-00C04F79EFBC}") = "Assignment9", "Assignment9\Assignment9.csproj", "{41F77E03-85E8-4B5E-87FF-FD22294FC6CF}"
EndProject
Project("{FAE04EC0-301F-11D3-BF4B-00C04F79EFBC}") = "GraphLibrary", "ClassLibraryProjects\GraphLibrary\GraphLibrary.csproj", "{86E03148-1BE7-4219-8778-E745A6560830}"
EndProject
Global
	GlobalSection(SolutionConfigurationPlatforms) = preSolution
		Debug|Any CPU = Debug|Any CPU
		Debug|x64 = Debug|x64
		Debug|x86 = Debug|x86
		Release|Any CPU = Release|Any CPU
		Release|x64 = Release|x64
		Release|x86 = Release|x86
	EndGlobalSection
	GlobalSection(SolutionProperties) = preSolution
		HideSolutionNode = FALSE
	EndGlobalSection
	GlobalSection(ProjectConfigurationPlatforms) = postSolution
		{4BA6D651-2381-4504-9719-7EDE996E5D6A}.Debug|Any CPU.ActiveCfg = Debug|Any CPU
		{4BA6D651-2381-4504-9719-7EDE996E5D6A}.Debug|Any CPU.Build.0 = Debug|Any CPU
		{4BA6D651-2381-4504-9719-7EDE996E5D6A}.Debug|x64.ActiveCfg = Debug|Any CPU
		{4BA6D651-2381-4504-9719-7EDE996E5D6A}.Debug|x64.Build.0 = Debug|Any CPU
		{4BA6D651-2381-4504-9719-7EDE996E5D6A}.Debug|x86.ActiveCfg = Debug|Any CPU
		{4BA6D651-2381-4504-9719-7EDE996E5D6A}.Debug|x86.Build.0 = Debug|Any CPU
		{4BA6D651-2381-4504-9719-7EDE996E5D6A}.Release|Any CPU.ActiveCfg = Release|Any CPU
		{4BA6D651-2381-4504-9719-7EDE996E5D6A}.Release|Any CPU.Build.0 = Release|Any CPU
		{4BA6D651-2381-4504-9719-7EDE996E5D6A}.Release|x64.ActiveCfg = Release|Any CPU
		{4BA6D651-2381-4504-9719-7EDE996E5D6A}.Release|x64.Build.0 = Release|Any CPU
		{4BA6D651-2381-4504-9719-7EDE996E5D6A}.Release|x86.ActiveCfg = Release|Any CPU
		{4BA6D651-2381-4504-9719-7EDE996E5D6A}.Release|x86.Build.0 = Release|Any CPU
		{41F77E03-85E8-4B5E-87FF-FD22294FC6CF}.Debug|Any CPU.ActiveCfg = Debug|Any CPU
		{41F77E03-85E8-4B5E-87FF-FD22294FC6CF}.Debug|Any CPU.Build.0 = Debug|Any CPU
		{41F77E03-85E8-4B5E-87FF-FD22294FC6CF}.Debug|x64.ActiveCfg = Debug|Any CPU
		{41F77E03-85E8-4B5E-87FF-FD22294FC6CF}.Debug|x64.Build.0 = Debug|Any CPU
		{41F77E03-85E8-4B5E-87FF-FD22294FC6CF}.Debug|x86.ActiveCfg = Debug|Any CPU
		{41F77E03-85E8-4B5E-87FF-FD22294FC6CF}.Debug|x86.Build.0 = Debug|Any CPU
		{41F77E03-85E8-4B5E-87FF-FD22294FC6CF}.Release|Any CPU.ActiveCfg = Release|Any CPU
		{41F77E03-85E8-4B5E-87FF-FD22294FC6CF}.Release|Any CPU.Build.0 = Release|Any CPU
		{41F77E03-85E8-4B5E-87FF-FD22294FC6CF}.Release|x64.ActiveCfg = Release|Any CPU
		{41F77E03-85E8-4B5E-87FF-FD22294FC6CF}.Release|x64.Build.0 = Release|Any CPU
		{41F77E03-85E8-4B5E-87FF-FD22294FC6CF}.Release|x86.ActiveCfg = Release|Any CPU
		{41F77E03-85E8-4B5E-87FF-FD22294FC6CF}.Release|x86.Build.0 = Release|Any CPU
		{86E03148-1BE7-4219-8778-E745A6560830}.Debug|Any CPU.ActiveCfg = Debug|Any CPU
		{86E03148-1BE7-4219-8778-E745A6560830}.Debug|Any CPU.Build.0 = Debug|Any CPU
		{86E03148-1BE7-4219-8778-E745A6560830}.Debug|x64.ActiveCfg = Debug|Any CPU
		{86E03148-1BE7-4219-8778-E745A6560830}.Debug|x64.Build.0 = Debug|Any CPU
		{86E03148-1BE7-4219-8778-E745A6560830}.Debug|x86.ActiveCfg = Debug|Any CPU
		{86E03148-1BE7-4219-8778-E745A6560830}.Debug|x86.Build.0 = Debug|Any CPU
		{86E03148-1BE7-4219-8778-E745A6560830}.Release|Any CPU.ActiveCfg = Release|Any CPU
		{86E03148-1BE7-4219-8778-E745A6560830}.Release|Any CPU.Build.0 = Release|Any CPU
		{86E03148-1BE7-4219-8778-E745A6560830}.Release|x64.ActiveCfg = Release|Any CPU
		{86E03148-1BE7-4219-8778-E745A6560830}.Release|x64.Build.0 = Release|Any CPU
		{86E03148-1BE7-4219-8778-E745A6560830}.Release|x86.ActiveCfg = Release|Any CPU
		{86E03148-1BE7-4219-8778-E745A6560830}.Release|x86.Build.0 = Release|Any CPU
	EndGlobalSection
	GlobalSection(NestedProjects) = preSolution
		{4BA6D651-2381-4504-9719-7EDE996E5D6A} = {FC817F9C-5087-46FC-A886-D1CC8E7AE0BF}
		{86E03148-1BE7-4219-8778-E745A6560830} = {FC817F9C-5087-46FC-A886-D1CC8E7AE0BF}
	EndGlobalSection
EndGlobal
